
Microsoft Visual Studio Solution File, Format Version 12.00
# Visual Studio Version 17
VisualStudioVersion = 17.7.34024.191
MinimumVisualStudioVersion = 10.0.40219.1
Project("{2150E333-8FDC-42A3-9474-1A3956D46DE8}") = "Services", "Services", "{A5FC2180-A10F-4657-8DA8-F68B9E4E2E7E}"
EndProject
Project("{2150E333-8FDC-42A3-9474-1A3956D46DE8}") = "Catalog", "Catalog", "{18BB00CE-35EF-4F42-A9C6-4097D7C713B3}"
EndProject
Project("{9A19103F-16F7-4668-BE54-9A1E7A4F7556}") = "MultiShop.Catalog", "Services\Catalog\MultiShop.Catalog\MultiShop.Catalog.csproj", "{037DA124-14FB-4158-80BD-1C347FA9DC7B}"
EndProject
Project("{2150E333-8FDC-42A3-9474-1A3956D46DE8}") = "Discount", "Discount", "{C7001194-AD1D-42E5-BF7B-E065012DCF81}"
EndProject
Project("{9A19103F-16F7-4668-BE54-9A1E7A4F7556}") = "MultiShop.Discount", "Services\Discount\MultiShop.Discount\MultiShop.Discount.csproj", "{3DF28B3A-A413-47F1-80C9-8641933D3AFE}"
EndProject
Project("{2150E333-8FDC-42A3-9474-1A3956D46DE8}") = "Order", "Order", "{5C37D393-08AF-402B-BD62-E460776C06E9}"
EndProject
Project("{2150E333-8FDC-42A3-9474-1A3956D46DE8}") = "Core", "Core", "{37F4BBB7-6007-4B3D-BA56-6F0BED14930A}"
EndProject
Project("{2150E333-8FDC-42A3-9474-1A3956D46DE8}") = "Infrastructure", "Infrastructure", "{6AFC4C02-6437-42E7-9A7F-5011DF72F774}"
EndProject
Project("{2150E333-8FDC-42A3-9474-1A3956D46DE8}") = "Presentation", "Presentation", "{750331A7-C8A2-4A95-B445-EACEFE19EB9C}"
EndProject
Project("{9A19103F-16F7-4668-BE54-9A1E7A4F7556}") = "MultiShop.Order.Domain", "Services\Order\Core\MultiShop.Order.Domain\MultiShop.Order.Domain.csproj", "{7A49B249-560C-4BDD-9AC9-19EBEE406B11}"
EndProject
Project("{9A19103F-16F7-4668-BE54-9A1E7A4F7556}") = "MultiShop.Order.Application", "Services\Order\Core\MultiShop.Order.Application\MultiShop.Order.Application.csproj", "{DC304B7A-4D13-4611-949B-8ABA58CA30DC}"
EndProject
Project("{9A19103F-16F7-4668-BE54-9A1E7A4F7556}") = "MultiShop.Order.Persistance", "Order\Infrastructure\MultiShop.Order.Persistance\MultiShop.Order.Persistance.csproj", "{DE37EF15-89DF-4923-B7DB-25BD690385FC}"
EndProject
Project("{9A19103F-16F7-4668-BE54-9A1E7A4F7556}") = "MultiShop.Order.WebApi", "Services\Presentation\MultiShop.Order.WebApi\MultiShop.Order.WebApi.csproj", "{42F2A458-F4EF-4E43-BBC8-8EEF63B06F01}"
EndProject
Project("{2150E333-8FDC-42A3-9474-1A3956D46DE8}") = "IdentityServer", "IdentityServer", "{28909B97-74EC-43A2-9D25-8F7E14DCC5F9}"
EndProject
Project("{9A19103F-16F7-4668-BE54-9A1E7A4F7556}") = "MultiShop.IdentityServer", "IdentityServer\MultiShop.IdentityServer\MultiShop.IdentityServer.csproj", "{7D400BAE-E442-4F58-8EAE-F0AE23C51929}"
EndProject
Project("{2150E333-8FDC-42A3-9474-1A3956D46DE8}") = "Requiments", "Requiments", "{348EC0A8-EA74-4723-9833-A85BC7918BFD}"
	ProjectSection(SolutionItems) = preProject
		portnumber.txt = portnumber.txt
	EndProjectSection
EndProject
Project("{2150E333-8FDC-42A3-9474-1A3956D46DE8}") = "Cargo", "Cargo", "{8F946B3A-600B-4A9A-BC74-0F6960B5A122}"
EndProject
Project("{9A19103F-16F7-4668-BE54-9A1E7A4F7556}") = "MultiShop.Cargo.BusinessLayer", "Services\Cargo\MultiShop.Cargo.BusinessLayer\MultiShop.Cargo.BusinessLayer.csproj", "{FA53E7E5-5535-489B-98FC-5AC61C3337AE}"
EndProject
Project("{9A19103F-16F7-4668-BE54-9A1E7A4F7556}") = "MultiShop.Cargo.DataAccessLayer", "Services\Cargo\MultiShop.Cargo.DataAccessLayer\MultiShop.Cargo.DataAccessLayer.csproj", "{E119CBC1-B939-48AE-8A87-CA5C0030A738}"
EndProject
Project("{9A19103F-16F7-4668-BE54-9A1E7A4F7556}") = "MultiShop.Cargo.DtoLayer", "Services\Cargo\MultiShop.Cargo.DtoLayer\MultiShop.Cargo.DtoLayer.csproj", "{EC3C55EF-66A5-49E6-A06F-F01A7861B099}"
EndProject
Project("{9A19103F-16F7-4668-BE54-9A1E7A4F7556}") = "MultiShop.Cargo.EntityLayer", "Services\Cargo\MultiShop.Cargo.EntityLayer\MultiShop.Cargo.EntityLayer.csproj", "{EF7EFC9D-3EFC-40A6-89B0-0DF869585760}"
EndProject
Project("{9A19103F-16F7-4668-BE54-9A1E7A4F7556}") = "MultiShop.Cargo.WebApi", "Services\Cargo\MultiShop.Cargo.WebApi\MultiShop.Cargo.WebApi.csproj", "{A5508EDF-FB43-4544-8FB7-45F40374EEB9}"
EndProject
Project("{2150E333-8FDC-42A3-9474-1A3956D46DE8}") = "Basket", "Basket", "{302AB871-3534-48B6-8ED4-76014FD7969D}"
EndProject
Project("{9A19103F-16F7-4668-BE54-9A1E7A4F7556}") = "MultiShop.Basket", "Services\Basket\MultiShop.Basket\MultiShop.Basket.csproj", "{CDA64B65-71E0-4067-9C31-7D6D0A7769E3}"
EndProject
Project("{2150E333-8FDC-42A3-9474-1A3956D46DE8}") = "FrontEnd", "FrontEnd", "{F65ACA30-FB1B-4E3F-BE3A-997ABA83DC7A}"
EndProject
Project("{FAE04EC0-301F-11D3-BF4B-00C04F79EFBC}") = "MultiShop.WebUI", "FrontEnd\MultiShop.WebUI\MultiShop.WebUI.csproj", "{B818071A-AC59-49EB-8AD6-CA8C6533E65E}"
EndProject
Global
	GlobalSection(SolutionConfigurationPlatforms) = preSolution
		Debug|Any CPU = Debug|Any CPU
		Release|Any CPU = Release|Any CPU
	EndGlobalSection
	GlobalSection(ProjectConfigurationPlatforms) = postSolution
		{037DA124-14FB-4158-80BD-1C347FA9DC7B}.Debug|Any CPU.ActiveCfg = Debug|Any CPU
		{037DA124-14FB-4158-80BD-1C347FA9DC7B}.Debug|Any CPU.Build.0 = Debug|Any CPU
		{037DA124-14FB-4158-80BD-1C347FA9DC7B}.Release|Any CPU.ActiveCfg = Release|Any CPU
		{037DA124-14FB-4158-80BD-1C347FA9DC7B}.Release|Any CPU.Build.0 = Release|Any CPU
		{3DF28B3A-A413-47F1-80C9-8641933D3AFE}.Debug|Any CPU.ActiveCfg = Debug|Any CPU
		{3DF28B3A-A413-47F1-80C9-8641933D3AFE}.Debug|Any CPU.Build.0 = Debug|Any CPU
		{3DF28B3A-A413-47F1-80C9-8641933D3AFE}.Release|Any CPU.ActiveCfg = Release|Any CPU
		{3DF28B3A-A413-47F1-80C9-8641933D3AFE}.Release|Any CPU.Build.0 = Release|Any CPU
		{7A49B249-560C-4BDD-9AC9-19EBEE406B11}.Debug|Any CPU.ActiveCfg = Debug|Any CPU
		{7A49B249-560C-4BDD-9AC9-19EBEE406B11}.Debug|Any CPU.Build.0 = Debug|Any CPU
		{7A49B249-560C-4BDD-9AC9-19EBEE406B11}.Release|Any CPU.ActiveCfg = Release|Any CPU
		{7A49B249-560C-4BDD-9AC9-19EBEE406B11}.Release|Any CPU.Build.0 = Release|Any CPU
		{DC304B7A-4D13-4611-949B-8ABA58CA30DC}.Debug|Any CPU.ActiveCfg = Debug|Any CPU
		{DC304B7A-4D13-4611-949B-8ABA58CA30DC}.Debug|Any CPU.Build.0 = Debug|Any CPU
		{DC304B7A-4D13-4611-949B-8ABA58CA30DC}.Release|Any CPU.ActiveCfg = Release|Any CPU
		{DC304B7A-4D13-4611-949B-8ABA58CA30DC}.Release|Any CPU.Build.0 = Release|Any CPU
		{DE37EF15-89DF-4923-B7DB-25BD690385FC}.Debug|Any CPU.ActiveCfg = Debug|Any CPU
		{DE37EF15-89DF-4923-B7DB-25BD690385FC}.Debug|Any CPU.Build.0 = Debug|Any CPU
		{DE37EF15-89DF-4923-B7DB-25BD690385FC}.Release|Any CPU.ActiveCfg = Release|Any CPU
		{DE37EF15-89DF-4923-B7DB-25BD690385FC}.Release|Any CPU.Build.0 = Release|Any CPU
		{42F2A458-F4EF-4E43-BBC8-8EEF63B06F01}.Debug|Any CPU.ActiveCfg = Debug|Any CPU
		{42F2A458-F4EF-4E43-BBC8-8EEF63B06F01}.Debug|Any CPU.Build.0 = Debug|Any CPU
		{42F2A458-F4EF-4E43-BBC8-8EEF63B06F01}.Release|Any CPU.ActiveCfg = Release|Any CPU
		{42F2A458-F4EF-4E43-BBC8-8EEF63B06F01}.Release|Any CPU.Build.0 = Release|Any CPU
		{7D400BAE-E442-4F58-8EAE-F0AE23C51929}.Debug|Any CPU.ActiveCfg = Debug|Any CPU
		{7D400BAE-E442-4F58-8EAE-F0AE23C51929}.Debug|Any CPU.Build.0 = Debug|Any CPU
		{7D400BAE-E442-4F58-8EAE-F0AE23C51929}.Release|Any CPU.ActiveCfg = Release|Any CPU
		{7D400BAE-E442-4F58-8EAE-F0AE23C51929}.Release|Any CPU.Build.0 = Release|Any CPU
		{FA53E7E5-5535-489B-98FC-5AC61C3337AE}.Debug|Any CPU.ActiveCfg = Debug|Any CPU
		{FA53E7E5-5535-489B-98FC-5AC61C3337AE}.Debug|Any CPU.Build.0 = Debug|Any CPU
		{FA53E7E5-5535-489B-98FC-5AC61C3337AE}.Release|Any CPU.ActiveCfg = Release|Any CPU
		{FA53E7E5-5535-489B-98FC-5AC61C3337AE}.Release|Any CPU.Build.0 = Release|Any CPU
		{E119CBC1-B939-48AE-8A87-CA5C0030A738}.Debug|Any CPU.ActiveCfg = Debug|Any CPU
		{E119CBC1-B939-48AE-8A87-CA5C0030A738}.Debug|Any CPU.Build.0 = Debug|Any CPU
		{E119CBC1-B939-48AE-8A87-CA5C0030A738}.Release|Any CPU.ActiveCfg = Release|Any CPU
		{E119CBC1-B939-48AE-8A87-CA5C0030A738}.Release|Any CPU.Build.0 = Release|Any CPU
		{EC3C55EF-66A5-49E6-A06F-F01A7861B099}.Debug|Any CPU.ActiveCfg = Debug|Any CPU
		{EC3C55EF-66A5-49E6-A06F-F01A7861B099}.Debug|Any CPU.Build.0 = Debug|Any CPU
		{EC3C55EF-66A5-49E6-A06F-F01A7861B099}.Release|Any CPU.ActiveCfg = Release|Any CPU
		{EC3C55EF-66A5-49E6-A06F-F01A7861B099}.Release|Any CPU.Build.0 = Release|Any CPU
		{EF7EFC9D-3EFC-40A6-89B0-0DF869585760}.Debug|Any CPU.ActiveCfg = Debug|Any CPU
		{EF7EFC9D-3EFC-40A6-89B0-0DF869585760}.Debug|Any CPU.Build.0 = Debug|Any CPU
		{EF7EFC9D-3EFC-40A6-89B0-0DF869585760}.Release|Any CPU.ActiveCfg = Release|Any CPU
		{EF7EFC9D-3EFC-40A6-89B0-0DF869585760}.Release|Any CPU.Build.0 = Release|Any CPU
		{A5508EDF-FB43-4544-8FB7-45F40374EEB9}.Debug|Any CPU.ActiveCfg = Debug|Any CPU
		{A5508EDF-FB43-4544-8FB7-45F40374EEB9}.Debug|Any CPU.Build.0 = Debug|Any CPU
		{A5508EDF-FB43-4544-8FB7-45F40374EEB9}.Release|Any CPU.ActiveCfg = Release|Any CPU
		{A5508EDF-FB43-4544-8FB7-45F40374EEB9}.Release|Any CPU.Build.0 = Release|Any CPU
		{CDA64B65-71E0-4067-9C31-7D6D0A7769E3}.Debug|Any CPU.ActiveCfg = Debug|Any CPU
		{CDA64B65-71E0-4067-9C31-7D6D0A7769E3}.Debug|Any CPU.Build.0 = Debug|Any CPU
		{CDA64B65-71E0-4067-9C31-7D6D0A7769E3}.Release|Any CPU.ActiveCfg = Release|Any CPU
		{CDA64B65-71E0-4067-9C31-7D6D0A7769E3}.Release|Any CPU.Build.0 = Release|Any CPU
		{B818071A-AC59-49EB-8AD6-CA8C6533E65E}.Debug|Any CPU.ActiveCfg = Debug|Any CPU
		{B818071A-AC59-49EB-8AD6-CA8C6533E65E}.Debug|Any CPU.Build.0 = Debug|Any CPU
		{B818071A-AC59-49EB-8AD6-CA8C6533E65E}.Release|Any CPU.ActiveCfg = Release|Any CPU
		{B818071A-AC59-49EB-8AD6-CA8C6533E65E}.Release|Any CPU.Build.0 = Release|Any CPU
	EndGlobalSection
	GlobalSection(SolutionProperties) = preSolution
		HideSolutionNode = FALSE
	EndGlobalSection
	GlobalSection(NestedProjects) = preSolution
		{18BB00CE-35EF-4F42-A9C6-4097D7C713B3} = {A5FC2180-A10F-4657-8DA8-F68B9E4E2E7E}
		{037DA124-14FB-4158-80BD-1C347FA9DC7B} = {18BB00CE-35EF-4F42-A9C6-4097D7C713B3}
		{C7001194-AD1D-42E5-BF7B-E065012DCF81} = {A5FC2180-A10F-4657-8DA8-F68B9E4E2E7E}
		{3DF28B3A-A413-47F1-80C9-8641933D3AFE} = {C7001194-AD1D-42E5-BF7B-E065012DCF81}
		{5C37D393-08AF-402B-BD62-E460776C06E9} = {A5FC2180-A10F-4657-8DA8-F68B9E4E2E7E}
		{37F4BBB7-6007-4B3D-BA56-6F0BED14930A} = {5C37D393-08AF-402B-BD62-E460776C06E9}
		{6AFC4C02-6437-42E7-9A7F-5011DF72F774} = {5C37D393-08AF-402B-BD62-E460776C06E9}
		{750331A7-C8A2-4A95-B445-EACEFE19EB9C} = {5C37D393-08AF-402B-BD62-E460776C06E9}
		{7A49B249-560C-4BDD-9AC9-19EBEE406B11} = {37F4BBB7-6007-4B3D-BA56-6F0BED14930A}
		{DC304B7A-4D13-4611-949B-8ABA58CA30DC} = {37F4BBB7-6007-4B3D-BA56-6F0BED14930A}
		{DE37EF15-89DF-4923-B7DB-25BD690385FC} = {6AFC4C02-6437-42E7-9A7F-5011DF72F774}
		{42F2A458-F4EF-4E43-BBC8-8EEF63B06F01} = {750331A7-C8A2-4A95-B445-EACEFE19EB9C}
		{7D400BAE-E442-4F58-8EAE-F0AE23C51929} = {28909B97-74EC-43A2-9D25-8F7E14DCC5F9}
		{8F946B3A-600B-4A9A-BC74-0F6960B5A122} = {A5FC2180-A10F-4657-8DA8-F68B9E4E2E7E}
		{FA53E7E5-5535-489B-98FC-5AC61C3337AE} = {8F946B3A-600B-4A9A-BC74-0F6960B5A122}
		{E119CBC1-B939-48AE-8A87-CA5C0030A738} = {8F946B3A-600B-4A9A-BC74-0F6960B5A122}
		{EC3C55EF-66A5-49E6-A06F-F01A7861B099} = {8F946B3A-600B-4A9A-BC74-0F6960B5A122}
		{EF7EFC9D-3EFC-40A6-89B0-0DF869585760} = {8F946B3A-600B-4A9A-BC74-0F6960B5A122}
		{A5508EDF-FB43-4544-8FB7-45F40374EEB9} = {8F946B3A-600B-4A9A-BC74-0F6960B5A122}
		{302AB871-3534-48B6-8ED4-76014FD7969D} = {A5FC2180-A10F-4657-8DA8-F68B9E4E2E7E}
		{CDA64B65-71E0-4067-9C31-7D6D0A7769E3} = {302AB871-3534-48B6-8ED4-76014FD7969D}
		{B818071A-AC59-49EB-8AD6-CA8C6533E65E} = {F65ACA30-FB1B-4E3F-BE3A-997ABA83DC7A}
	EndGlobalSection
	GlobalSection(ExtensibilityGlobals) = postSolution
		SolutionGuid = {55E2F3E4-1A62-4F68-A4B5-B8AA9233E81B}
	EndGlobalSection
EndGlobal
